// !$*UTF8*$!
{
	archiveVersion = 1;
	classes = {
	};
	objectVersion = 46;
	objects = {

/* Begin PBXBuildFile section */
		C9D040981F2C7637001CF3E2 /* AppDelegate.swift in Sources */ = {isa = PBXBuildFile; fileRef = C9D040971F2C7637001CF3E2 /* AppDelegate.swift */; };
		C9D0409A1F2C7637001CF3E2 /* PhotosViewController.swift in Sources */ = {isa = PBXBuildFile; fileRef = C9D040991F2C7637001CF3E2 /* PhotosViewController.swift */; };
		C9D0409D1F2C7637001CF3E2 /* Main.storyboard in Resources */ = {isa = PBXBuildFile; fileRef = C9D0409B1F2C7637001CF3E2 /* Main.storyboard */; };
		C9D0409F1F2C7637001CF3E2 /* Assets.xcassets in Resources */ = {isa = PBXBuildFile; fileRef = C9D0409E1F2C7637001CF3E2 /* Assets.xcassets */; };
		C9D040A21F2C7637001CF3E2 /* LaunchScreen.storyboard in Resources */ = {isa = PBXBuildFile; fileRef = C9D040A01F2C7637001CF3E2 /* LaunchScreen.storyboard */; };
		C9D040AA1F2C7982001CF3E2 /* FlickrAPI.swift in Sources */ = {isa = PBXBuildFile; fileRef = C9D040A91F2C7982001CF3E2 /* FlickrAPI.swift */; };
		C9D040AC1F2C8555001CF3E2 /* PhotoStore.swift in Sources */ = {isa = PBXBuildFile; fileRef = C9D040AB1F2C8555001CF3E2 /* PhotoStore.swift */; };
		C9D040AE1F2C8E47001CF3E2 /* Photo.swift in Sources */ = {isa = PBXBuildFile; fileRef = C9D040AD1F2C8E47001CF3E2 /* Photo.swift */; };
		C9D040B01F2DAA54001CF3E2 /* PhotoDataSource.swift in Sources */ = {isa = PBXBuildFile; fileRef = C9D040AF1F2DAA54001CF3E2 /* PhotoDataSource.swift */; };
		C9D040B21F2DB07E001CF3E2 /* PhotoCollectionViewCell.swift in Sources */ = {isa = PBXBuildFile; fileRef = C9D040B11F2DB07E001CF3E2 /* PhotoCollectionViewCell.swift */; };
		C9D040B41F2DC554001CF3E2 /* PhotoInfoViewController.swift in Sources */ = {isa = PBXBuildFile; fileRef = C9D040B31F2DC554001CF3E2 /* PhotoInfoViewController.swift */; };

/* End PBXBuildFile section */

/* Begin PBXFileReference section */
		C9D040941F2C7637001CF3E2 /* Photorama.app */ = {isa = PBXFileReference; explicitFileType = wrapper.application; includeInIndex = 0; path = Photorama.app; sourceTree = BUILT_PRODUCTS_DIR; };
		C9D040971F2C7637001CF3E2 /* AppDelegate.swift */ = {isa = PBXFileReference; lastKnownFileType = sourcecode.swift; path = AppDelegate.swift; sourceTree = "<group>"; };
		C9D040991F2C7637001CF3E2 /* PhotosViewController.swift */ = {isa = PBXFileReference; lastKnownFileType = sourcecode.swift; path = PhotosViewController.swift; sourceTree = "<group>"; };
		C9D0409C1F2C7637001CF3E2 /* Base */ = {isa = PBXFileReference; lastKnownFileType = file.storyboard; name = Base; path = Base.lproj/Main.storyboard; sourceTree = "<group>"; };
		C9D0409E1F2C7637001CF3E2 /* Assets.xcassets */ = {isa = PBXFileReference; lastKnownFileType = folder.assetcatalog; path = Assets.xcassets; sourceTree = "<group>"; };
		C9D040A11F2C7637001CF3E2 /* Base */ = {isa = PBXFileReference; lastKnownFileType = file.storyboard; name = Base; path = Base.lproj/LaunchScreen.storyboard; sourceTree = "<group>"; };
		C9D040A31F2C7637001CF3E2 /* Info.plist */ = {isa = PBXFileReference; lastKnownFileType = text.plist.xml; path = Info.plist; sourceTree = "<group>"; };
		C9D040A91F2C7982001CF3E2 /* FlickrAPI.swift */ = {isa = PBXFileReference; fileEncoding = 4; lastKnownFileType = sourcecode.swift; path = FlickrAPI.swift; sourceTree = "<group>"; };
		C9D040AB1F2C8555001CF3E2 /* PhotoStore.swift */ = {isa = PBXFileReference; fileEncoding = 4; lastKnownFileType = sourcecode.swift; path = PhotoStore.swift; sourceTree = "<group>"; };
		C9D040AD1F2C8E47001CF3E2 /* Photo.swift */ = {isa = PBXFileReference; fileEncoding = 4; lastKnownFileType = sourcecode.swift; path = Photo.swift; sourceTree = "<group>"; };
		C9D040AF1F2DAA54001CF3E2 /* PhotoDataSource.swift */ = {isa = PBXFileReference; fileEncoding = 4; lastKnownFileType = sourcecode.swift; path = PhotoDataSource.swift; sourceTree = "<group>"; };
		C9D040B11F2DB07E001CF3E2 /* PhotoCollectionViewCell.swift */ = {isa = PBXFileReference; fileEncoding = 4; lastKnownFileType = sourcecode.swift; path = PhotoCollectionViewCell.swift; sourceTree = "<group>"; };
		C9D040B31F2DC554001CF3E2 /* PhotoInfoViewController.swift */ = {isa = PBXFileReference; fileEncoding = 4; lastKnownFileType = sourcecode.swift; path = PhotoInfoViewController.swift; sourceTree = "<group>"; };

/* End PBXFileReference section */

/* Begin PBXFrameworksBuildPhase section */
		C9D040911F2C7637001CF3E2 /* Frameworks */ = {
			isa = PBXFrameworksBuildPhase;
			buildActionMask = 2147483647;
			files = (
			);
			runOnlyForDeploymentPostprocessing = 0;
		};
/* End PBXFrameworksBuildPhase section */

/* Begin PBXGroup section */
		C9D0408B1F2C7637001CF3E2 = {
			isa = PBXGroup;
			children = (
				C9D040961F2C7637001CF3E2 /* Photorama */,
				C9D040951F2C7637001CF3E2 /* Products */,
			);
			sourceTree = "<group>";
		};
		C9D040951F2C7637001CF3E2 /* Products */ = {
			isa = PBXGroup;
			children = (
				C9D040941F2C7637001CF3E2 /* Photorama.app */,
			);
			name = Products;
			sourceTree = "<group>";
		};
		C9D040961F2C7637001CF3E2 /* Photorama */ = {
			isa = PBXGroup;
			children = (
				C9D040971F2C7637001CF3E2 /* AppDelegate.swift */,
				C9D040991F2C7637001CF3E2 /* PhotosViewController.swift */,
				C9D0409B1F2C7637001CF3E2 /* Main.storyboard */,
				C9D040A91F2C7982001CF3E2 /* FlickrAPI.swift */,
				C9D0409E1F2C7637001CF3E2 /* Assets.xcassets */,
				C9D040A01F2C7637001CF3E2 /* LaunchScreen.storyboard */,
				C9D040A31F2C7637001CF3E2 /* Info.plist */,
				C9D040AB1F2C8555001CF3E2 /* PhotoStore.swift */,
				C9D040AD1F2C8E47001CF3E2 /* Photo.swift */,
				C9D040AF1F2DAA54001CF3E2 /* PhotoDataSource.swift */,
				C9D040B11F2DB07E001CF3E2 /* PhotoCollectionViewCell.swift */,
				C9D040B31F2DC554001CF3E2 /* PhotoInfoViewController.swift */,
			);
			path = Photorama;
			sourceTree = "<group>";
		};
/* End PBXGroup section */

/* Begin PBXNativeTarget section */
		C9D040931F2C7637001CF3E2 /* Photorama */ = {
			isa = PBXNativeTarget;
			buildConfigurationList = C9D040A61F2C7637001CF3E2 /* Build configuration list for PBXNativeTarget "Photorama" */;
			buildPhases = (
				C9D040901F2C7637001CF3E2 /* Sources */,
				C9D040911F2C7637001CF3E2 /* Frameworks */,
				C9D040921F2C7637001CF3E2 /* Resources */,
			);
			buildRules = (
			);
			dependencies = (
			);
			name = Photorama;
			productName = Photorama;
			productReference = C9D040941F2C7637001CF3E2 /* Photorama.app */;
			productType = "com.apple.product-type.application";
		};
/* End PBXNativeTarget section */

/* Begin PBXProject section */
		C9D0408C1F2C7637001CF3E2 /* Project object */ = {
			isa = PBXProject;
			attributes = {
				LastSwiftUpdateCheck = 0830;
				LastUpgradeCheck = 0830;
				ORGANIZATIONNAME = "임성훈";
				TargetAttributes = {
					C9D040931F2C7637001CF3E2 = {
						CreatedOnToolsVersion = 8.3.3;
						ProvisioningStyle = Automatic;
					};
				};
			};
			buildConfigurationList = C9D0408F1F2C7637001CF3E2 /* Build configuration list for PBXProject "Photorama" */;
			compatibilityVersion = "Xcode 3.2";
			developmentRegion = English;
			hasScannedForEncodings = 0;
			knownRegions = (
				en,
				Base,
			);
			mainGroup = C9D0408B1F2C7637001CF3E2;
			productRefGroup = C9D040951F2C7637001CF3E2 /* Products */;
			projectDirPath = "";
			projectRoot = "";
			targets = (
				C9D040931F2C7637001CF3E2 /* Photorama */,
			);
		};
/* End PBXProject section */

/* Begin PBXResourcesBuildPhase section */
		C9D040921F2C7637001CF3E2 /* Resources */ = {
			isa = PBXResourcesBuildPhase;
			buildActionMask = 2147483647;
			files = (
				C9D040A21F2C7637001CF3E2 /* LaunchScreen.storyboard in Resources */,
				C9D0409F1F2C7637001CF3E2 /* Assets.xcassets in Resources */,
				C9D0409D1F2C7637001CF3E2 /* Main.storyboard in Resources */,
			);
			runOnlyForDeploymentPostprocessing = 0;
		};
/* End PBXResourcesBuildPhase section */

/* Begin PBXSourcesBuildPhase section */
		C9D040901F2C7637001CF3E2 /* Sources */ = {
			isa = PBXSourcesBuildPhase;
			buildActionMask = 2147483647;
			files = (
				C9D040AA1F2C7982001CF3E2 /* FlickrAPI.swift in Sources */,
				C9D0409A1F2C7637001CF3E2 /* PhotosViewController.swift in Sources */,
				C9D040AC1F2C8555001CF3E2 /* PhotoStore.swift in Sources */,
				C9D040B01F2DAA54001CF3E2 /* PhotoDataSource.swift in Sources */,
				C9D040B21F2DB07E001CF3E2 /* PhotoCollectionViewCell.swift in Sources */,
				C9D040B41F2DC554001CF3E2 /* PhotoInfoViewController.swift in Sources */,
				C9D040981F2C7637001CF3E2 /* AppDelegate.swift in Sources */,
				C9D040AE1F2C8E47001CF3E2 /* Photo.swift in Sources */,
			);
			runOnlyForDeploymentPostprocessing = 0;
		};
/* End PBXSourcesBuildPhase section */

/* Begin PBXVariantGroup section */
		C9D0409B1F2C7637001CF3E2 /* Main.storyboard */ = {
			isa = PBXVariantGroup;
			children = (
				C9D0409C1F2C7637001CF3E2 /* Base */,
			);
			name = Main.storyboard;
			sourceTree = "<group>";
		};
		C9D040A01F2C7637001CF3E2 /* LaunchScreen.storyboard */ = {
			isa = PBXVariantGroup;
			children = (
				C9D040A11F2C7637001CF3E2 /* Base */,
			);
			name = LaunchScreen.storyboard;
			sourceTree = "<group>";
		};
/* End PBXVariantGroup section */

/* Begin XCBuildConfiguration section */
		C9D040A41F2C7637001CF3E2 /* Debug */ = {
			isa = XCBuildConfiguration;
			buildSettings = {
				ALWAYS_SEARCH_USER_PATHS = NO;
				CLANG_ANALYZER_NONNULL = YES;
				CLANG_ANALYZER_NUMBER_OBJECT_CONVERSION = YES_AGGRESSIVE;
				CLANG_CXX_LANGUAGE_STANDARD = "gnu++0x";
				CLANG_CXX_LIBRARY = "libc++";
				CLANG_ENABLE_MODULES = YES;
				CLANG_ENABLE_OBJC_ARC = YES;
				CLANG_WARN_BOOL_CONVERSION = YES;
				CLANG_WARN_CONSTANT_CONVERSION = YES;
				CLANG_WARN_DIRECT_OBJC_ISA_USAGE = YES_ERROR;
				CLANG_WARN_DOCUMENTATION_COMMENTS = YES;
				CLANG_WARN_EMPTY_BODY = YES;
				CLANG_WARN_ENUM_CONVERSION = YES;
				CLANG_WARN_INFINITE_RECURSION = YES;
				CLANG_WARN_INT_CONVERSION = YES;
				CLANG_WARN_OBJC_ROOT_CLASS = YES_ERROR;
				CLANG_WARN_SUSPICIOUS_MOVE = YES;
				CLANG_WARN_UNREACHABLE_CODE = YES;
				CLANG_WARN__DUPLICATE_METHOD_MATCH = YES;
				"CODE_SIGN_IDENTITY[sdk=iphoneos*]" = "iPhone Developer";
				COPY_PHASE_STRIP = NO;
				DEBUG_INFORMATION_FORMAT = dwarf;
				ENABLE_STRICT_OBJC_MSGSEND = YES;
				ENABLE_TESTABILITY = YES;
				GCC_C_LANGUAGE_STANDARD = gnu99;
				GCC_DYNAMIC_NO_PIC = NO;
				GCC_NO_COMMON_BLOCKS = YES;
				GCC_OPTIMIZATION_LEVEL = 0;
				GCC_PREPROCESSOR_DEFINITIONS = (
					"DEBUG=1",
					"$(inherited)",
				);
				GCC_WARN_64_TO_32_BIT_CONVERSION = YES;
				GCC_WARN_ABOUT_RETURN_TYPE = YES_ERROR;
				GCC_WARN_UNDECLARED_SELECTOR = YES;
				GCC_WARN_UNINITIALIZED_AUTOS = YES_AGGRESSIVE;
				GCC_WARN_UNUSED_FUNCTION = YES;
				GCC_WARN_UNUSED_VARIABLE = YES;
				IPHONEOS_DEPLOYMENT_TARGET = 10.3;
				MTL_ENABLE_DEBUG_INFO = YES;
				ONLY_ACTIVE_ARCH = YES;
				SDKROOT = iphoneos;
				SWIFT_ACTIVE_COMPILATION_CONDITIONS = DEBUG;
				SWIFT_OPTIMIZATION_LEVEL = "-Onone";
				TARGETED_DEVICE_FAMILY = "1,2";
			};
			name = Debug;
		};
		C9D040A51F2C7637001CF3E2 /* Release */ = {
			isa = XCBuildConfiguration;
			buildSettings = {
				ALWAYS_SEARCH_USER_PATHS = NO;
				CLANG_ANALYZER_NONNULL = YES;
				CLANG_ANALYZER_NUMBER_OBJECT_CONVERSION = YES_AGGRESSIVE;
				CLANG_CXX_LANGUAGE_STANDARD = "gnu++0x";
				CLANG_CXX_LIBRARY = "libc++";
				CLANG_ENABLE_MODULES = YES;
				CLANG_ENABLE_OBJC_ARC = YES;
				CLANG_WARN_BOOL_CONVERSION = YES;
				CLANG_WARN_CONSTANT_CONVERSION = YES;
				CLANG_WARN_DIRECT_OBJC_ISA_USAGE = YES_ERROR;
				CLANG_WARN_DOCUMENTATION_COMMENTS = YES;
				CLANG_WARN_EMPTY_BODY = YES;
				CLANG_WARN_ENUM_CONVERSION = YES;
				CLANG_WARN_INFINITE_RECURSION = YES;
				CLANG_WARN_INT_CONVERSION = YES;
				CLANG_WARN_OBJC_ROOT_CLASS = YES_ERROR;
				CLANG_WARN_SUSPICIOUS_MOVE = YES;
				CLANG_WARN_UNREACHABLE_CODE = YES;
				CLANG_WARN__DUPLICATE_METHOD_MATCH = YES;
				"CODE_SIGN_IDENTITY[sdk=iphoneos*]" = "iPhone Developer";
				COPY_PHASE_STRIP = NO;
				DEBUG_INFORMATION_FORMAT = "dwarf-with-dsym";
				ENABLE_NS_ASSERTIONS = NO;
				ENABLE_STRICT_OBJC_MSGSEND = YES;
				GCC_C_LANGUAGE_STANDARD = gnu99;
				GCC_NO_COMMON_BLOCKS = YES;
				GCC_WARN_64_TO_32_BIT_CONVERSION = YES;
				GCC_WARN_ABOUT_RETURN_TYPE = YES_ERROR;
				GCC_WARN_UNDECLARED_SELECTOR = YES;
				GCC_WARN_UNINITIALIZED_AUTOS = YES_AGGRESSIVE;
				GCC_WARN_UNUSED_FUNCTION = YES;
				GCC_WARN_UNUSED_VARIABLE = YES;
				IPHONEOS_DEPLOYMENT_TARGET = 10.3;
				MTL_ENABLE_DEBUG_INFO = NO;
				SDKROOT = iphoneos;
				SWIFT_OPTIMIZATION_LEVEL = "-Owholemodule";
				TARGETED_DEVICE_FAMILY = "1,2";
				VALIDATE_PRODUCT = YES;
			};
			name = Release;
		};
		C9D040A71F2C7637001CF3E2 /* Debug */ = {
			isa = XCBuildConfiguration;
			buildSettings = {
				ASSETCATALOG_COMPILER_APPICON_NAME = AppIcon;
				DEVELOPMENT_TEAM = "";
				INFOPLIST_FILE = Photorama/Info.plist;
				LD_RUNPATH_SEARCH_PATHS = "$(inherited) @executable_path/Frameworks";
				PRODUCT_BUNDLE_IDENTIFIER = com.boostCamp.Photorama;
				PRODUCT_NAME = "$(TARGET_NAME)";
				SWIFT_VERSION = 3.0;
			};
			name = Debug;
		};
		C9D040A81F2C7637001CF3E2 /* Release */ = {
			isa = XCBuildConfiguration;
			buildSettings = {
				ASSETCATALOG_COMPILER_APPICON_NAME = AppIcon;
				DEVELOPMENT_TEAM = "";
				INFOPLIST_FILE = Photorama/Info.plist;
				LD_RUNPATH_SEARCH_PATHS = "$(inherited) @executable_path/Frameworks";
				PRODUCT_BUNDLE_IDENTIFIER = com.boostCamp.Photorama;
				PRODUCT_NAME = "$(TARGET_NAME)";
				SWIFT_VERSION = 3.0;
			};
			name = Release;
		};
/* End XCBuildConfiguration section */

/* Begin XCConfigurationList section */
		C9D0408F1F2C7637001CF3E2 /* Build configuration list for PBXProject "Photorama" */ = {
			isa = XCConfigurationList;
			buildConfigurations = (
				C9D040A41F2C7637001CF3E2 /* Debug */,
				C9D040A51F2C7637001CF3E2 /* Release */,
			);
			defaultConfigurationIsVisible = 0;
			defaultConfigurationName = Release;
		};
		C9D040A61F2C7637001CF3E2 /* Build configuration list for PBXNativeTarget "Photorama" */ = {
			isa = XCConfigurationList;
			buildConfigurations = (
				C9D040A71F2C7637001CF3E2 /* Debug */,
				C9D040A81F2C7637001CF3E2 /* Release */,
			);
			defaultConfigurationIsVisible = 0;
			defaultConfigurationName = Release;
		};
/* End XCConfigurationList section */
	};
	rootObject = C9D0408C1F2C7637001CF3E2 /* Project object */;
}
