// !$*UTF8*$!
{
	archiveVersion = 1;
	classes = {
	};
	objectVersion = 46;
	objects = {

/* Begin PBXBuildFile section */
		C9B287221F0DC98F00A3C963 /* ConversionViewController.swift in Sources */ = {isa = PBXBuildFile; fileRef = C9B287211F0DC98F00A3C963 /* ConversionViewController.swift */; };
		C9B287251F0DD25800A3C963 /* MapKit.framework in Frameworks */ = {isa = PBXBuildFile; fileRef = C9B287241F0DD25800A3C963 /* MapKit.framework */; };
		C9B287271F0DD77000A3C963 /* MapViewController.swift in Sources */ = {isa = PBXBuildFile; fileRef = C9B287261F0DD77000A3C963 /* MapViewController.swift */; };
		C9DF16711F07911F0058E070 /* AppDelegate.swift in Sources */ = {isa = PBXBuildFile; fileRef = C9DF16701F07911F0058E070 /* AppDelegate.swift */; };
		C9DF16761F07911F0058E070 /* Main.storyboard in Resources */ = {isa = PBXBuildFile; fileRef = C9DF16741F07911F0058E070 /* Main.storyboard */; };
		C9DF16781F07911F0058E070 /* Assets.xcassets in Resources */ = {isa = PBXBuildFile; fileRef = C9DF16771F07911F0058E070 /* Assets.xcassets */; };
		C9DF167B1F07911F0058E070 /* LaunchScreen.storyboard in Resources */ = {isa = PBXBuildFile; fileRef = C9DF16791F07911F0058E070 /* LaunchScreen.storyboard */; };
/* End PBXBuildFile section */

/* Begin PBXFileReference section */
		C9B287211F0DC98F00A3C963 /* ConversionViewController.swift */ = {isa = PBXFileReference; fileEncoding = 4; lastKnownFileType = sourcecode.swift; path = ConversionViewController.swift; sourceTree = "<group>"; };
		C9B287241F0DD25800A3C963 /* MapKit.framework */ = {isa = PBXFileReference; lastKnownFileType = wrapper.framework; name = MapKit.framework; path = System/Library/Frameworks/MapKit.framework; sourceTree = SDKROOT; };
		C9B287261F0DD77000A3C963 /* MapViewController.swift */ = {isa = PBXFileReference; fileEncoding = 4; lastKnownFileType = sourcecode.swift; path = MapViewController.swift; sourceTree = "<group>"; };
		C9DF166D1F07911F0058E070 /* WorldTrotter.app */ = {isa = PBXFileReference; explicitFileType = wrapper.application; includeInIndex = 0; path = WorldTrotter.app; sourceTree = BUILT_PRODUCTS_DIR; };
		C9DF16701F07911F0058E070 /* AppDelegate.swift */ = {isa = PBXFileReference; lastKnownFileType = sourcecode.swift; path = AppDelegate.swift; sourceTree = "<group>"; };
		C9DF16751F07911F0058E070 /* Base */ = {isa = PBXFileReference; lastKnownFileType = file.storyboard; name = Base; path = Base.lproj/Main.storyboard; sourceTree = "<group>"; };
		C9DF16771F07911F0058E070 /* Assets.xcassets */ = {isa = PBXFileReference; lastKnownFileType = folder.assetcatalog; path = Assets.xcassets; sourceTree = "<group>"; };
		C9DF167A1F07911F0058E070 /* Base */ = {isa = PBXFileReference; lastKnownFileType = file.storyboard; name = Base; path = Base.lproj/LaunchScreen.storyboard; sourceTree = "<group>"; };
		C9DF167C1F07911F0058E070 /* Info.plist */ = {isa = PBXFileReference; lastKnownFileType = text.plist.xml; path = Info.plist; sourceTree = "<group>"; };
/* End PBXFileReference section */

/* Begin PBXFrameworksBuildPhase section */
		C9DF166A1F07911F0058E070 /* Frameworks */ = {
			isa = PBXFrameworksBuildPhase;
			buildActionMask = 2147483647;
			files = (
				C9B287251F0DD25800A3C963 /* MapKit.framework in Frameworks */,
			);
			runOnlyForDeploymentPostprocessing = 0;
		};
/* End PBXFrameworksBuildPhase section */

/* Begin PBXGroup section */
		C9B287231F0DD25800A3C963 /* Frameworks */ = {
			isa = PBXGroup;
			children = (
				C9B287241F0DD25800A3C963 /* MapKit.framework */,
			);
			name = Frameworks;
			sourceTree = "<group>";
		};
		C9DF16641F07911F0058E070 = {
			isa = PBXGroup;
			children = (
				C9DF166F1F07911F0058E070 /* WorldTrotter */,
				C9DF166E1F07911F0058E070 /* Products */,
				C9B287231F0DD25800A3C963 /* Frameworks */,
			);
			sourceTree = "<group>";
		};
		C9DF166E1F07911F0058E070 /* Products */ = {
			isa = PBXGroup;
			children = (
				C9DF166D1F07911F0058E070 /* WorldTrotter.app */,
			);
			name = Products;
			sourceTree = "<group>";
		};
		C9DF166F1F07911F0058E070 /* WorldTrotter */ = {
			isa = PBXGroup;
			children = (
				C9B287211F0DC98F00A3C963 /* ConversionViewController.swift */,
				C9DF16701F07911F0058E070 /* AppDelegate.swift */,
				C9DF16741F07911F0058E070 /* Main.storyboard */,
				C9B287261F0DD77000A3C963 /* MapViewController.swift */,
				C9DF16771F07911F0058E070 /* Assets.xcassets */,
				C9DF16791F07911F0058E070 /* LaunchScreen.storyboard */,
				C9DF167C1F07911F0058E070 /* Info.plist */,
			);
			path = WorldTrotter;
			sourceTree = "<group>";
		};
/* End PBXGroup section */

/* Begin PBXNativeTarget section */
		C9DF166C1F07911F0058E070 /* WorldTrotter */ = {
			isa = PBXNativeTarget;
			buildConfigurationList = C9DF167F1F07911F0058E070 /* Build configuration list for PBXNativeTarget "WorldTrotter" */;
			buildPhases = (
				C9DF16691F07911F0058E070 /* Sources */,
				C9DF166A1F07911F0058E070 /* Frameworks */,
				C9DF166B1F07911F0058E070 /* Resources */,
			);
			buildRules = (
			);
			dependencies = (
			);
			name = WorldTrotter;
			productName = WorldTrotter;
			productReference = C9DF166D1F07911F0058E070 /* WorldTrotter.app */;
			productType = "com.apple.product-type.application";
		};
/* End PBXNativeTarget section */

/* Begin PBXProject section */
		C9DF16651F07911F0058E070 /* Project object */ = {
			isa = PBXProject;
			attributes = {
				LastSwiftUpdateCheck = 0830;
				LastUpgradeCheck = 0830;
				ORGANIZATIONNAME = "임성훈";
				TargetAttributes = {
					C9DF166C1F07911F0058E070 = {
						CreatedOnToolsVersion = 8.3.3;
						DevelopmentTeam = 498MUQWSB4;
						ProvisioningStyle = Automatic;
					};
				};
			};
			buildConfigurationList = C9DF16681F07911F0058E070 /* Build configuration list for PBXProject "WorldTrotter" */;
			compatibilityVersion = "Xcode 3.2";
			developmentRegion = English;
			hasScannedForEncodings = 0;
			knownRegions = (
				en,
				Base,
			);
			mainGroup = C9DF16641F07911F0058E070;
			productRefGroup = C9DF166E1F07911F0058E070 /* Products */;
			projectDirPath = "";
			projectRoot = "";
			targets = (
				C9DF166C1F07911F0058E070 /* WorldTrotter */,
			);
		};
/* End PBXProject section */

/* Begin PBXResourcesBuildPhase section */
		C9DF166B1F07911F0058E070 /* Resources */ = {
			isa = PBXResourcesBuildPhase;
			buildActionMask = 2147483647;
			files = (
				C9DF167B1F07911F0058E070 /* LaunchScreen.storyboard in Resources */,
				C9DF16781F07911F0058E070 /* Assets.xcassets in Resources */,
				C9DF16761F07911F0058E070 /* Main.storyboard in Resources */,
			);
			runOnlyForDeploymentPostprocessing = 0;
		};
/* End PBXResourcesBuildPhase section */

/* Begin PBXSourcesBuildPhase section */
		C9DF16691F07911F0058E070 /* Sources */ = {
			isa = PBXSourcesBuildPhase;
			buildActionMask = 2147483647;
			files = (
				C9B287221F0DC98F00A3C963 /* ConversionViewController.swift in Sources */,
				C9B287271F0DD77000A3C963 /* MapViewController.swift in Sources */,
				C9DF16711F07911F0058E070 /* AppDelegate.swift in Sources */,
			);
			runOnlyForDeploymentPostprocessing = 0;
		};
/* End PBXSourcesBuildPhase section */

/* Begin PBXVariantGroup section */
		C9DF16741F07911F0058E070 /* Main.storyboard */ = {
			isa = PBXVariantGroup;
			children = (
				C9DF16751F07911F0058E070 /* Base */,
			);
			name = Main.storyboard;
			sourceTree = "<group>";
		};
		C9DF16791F07911F0058E070 /* LaunchScreen.storyboard */ = {
			isa = PBXVariantGroup;
			children = (
				C9DF167A1F07911F0058E070 /* Base */,
			);
			name = LaunchScreen.storyboard;
			sourceTree = "<group>";
		};
/* End PBXVariantGroup section */

/* Begin XCBuildConfiguration section */
		C9DF167D1F07911F0058E070 /* Debug */ = {
			isa = XCBuildConfiguration;
			buildSettings = {
				ALWAYS_SEARCH_USER_PATHS = NO;
				CLANG_ANALYZER_NONNULL = YES;
				CLANG_ANALYZER_NUMBER_OBJECT_CONVERSION = YES_AGGRESSIVE;
				CLANG_CXX_LANGUAGE_STANDARD = "gnu++0x";
				CLANG_CXX_LIBRARY = "libc++";
				CLANG_ENABLE_MODULES = YES;
				CLANG_ENABLE_OBJC_ARC = YES;
				CLANG_WARN_BOOL_CONVERSION = YES;
				CLANG_WARN_CONSTANT_CONVERSION = YES;
				CLANG_WARN_DIRECT_OBJC_ISA_USAGE = YES_ERROR;
				CLANG_WARN_DOCUMENTATION_COMMENTS = YES;
				CLANG_WARN_EMPTY_BODY = YES;
				CLANG_WARN_ENUM_CONVERSION = YES;
				CLANG_WARN_INFINITE_RECURSION = YES;
				CLANG_WARN_INT_CONVERSION = YES;
				CLANG_WARN_OBJC_ROOT_CLASS = YES_ERROR;
				CLANG_WARN_SUSPICIOUS_MOVE = YES;
				CLANG_WARN_UNREACHABLE_CODE = YES;
				CLANG_WARN__DUPLICATE_METHOD_MATCH = YES;
				"CODE_SIGN_IDENTITY[sdk=iphoneos*]" = "iPhone Developer";
				COPY_PHASE_STRIP = NO;
				DEBUG_INFORMATION_FORMAT = dwarf;
				ENABLE_STRICT_OBJC_MSGSEND = YES;
				ENABLE_TESTABILITY = YES;
				GCC_C_LANGUAGE_STANDARD = gnu99;
				GCC_DYNAMIC_NO_PIC = NO;
				GCC_NO_COMMON_BLOCKS = YES;
				GCC_OPTIMIZATION_LEVEL = 0;
				GCC_PREPROCESSOR_DEFINITIONS = (
					"DEBUG=1",
					"$(inherited)",
				);
				GCC_WARN_64_TO_32_BIT_CONVERSION = YES;
				GCC_WARN_ABOUT_RETURN_TYPE = YES_ERROR;
				GCC_WARN_UNDECLARED_SELECTOR = YES;
				GCC_WARN_UNINITIALIZED_AUTOS = YES_AGGRESSIVE;
				GCC_WARN_UNUSED_FUNCTION = YES;
				GCC_WARN_UNUSED_VARIABLE = YES;
				IPHONEOS_DEPLOYMENT_TARGET = 10.3;
				MTL_ENABLE_DEBUG_INFO = YES;
				ONLY_ACTIVE_ARCH = YES;
				SDKROOT = iphoneos;
				SWIFT_ACTIVE_COMPILATION_CONDITIONS = DEBUG;
				SWIFT_OPTIMIZATION_LEVEL = "-Onone";
			};
			name = Debug;
		};
		C9DF167E1F07911F0058E070 /* Release */ = {
			isa = XCBuildConfiguration;
			buildSettings = {
				ALWAYS_SEARCH_USER_PATHS = NO;
				CLANG_ANALYZER_NONNULL = YES;
				CLANG_ANALYZER_NUMBER_OBJECT_CONVERSION = YES_AGGRESSIVE;
				CLANG_CXX_LANGUAGE_STANDARD = "gnu++0x";
				CLANG_CXX_LIBRARY = "libc++";
				CLANG_ENABLE_MODULES = YES;
				CLANG_ENABLE_OBJC_ARC = YES;
				CLANG_WARN_BOOL_CONVERSION = YES;
				CLANG_WARN_CONSTANT_CONVERSION = YES;
				CLANG_WARN_DIRECT_OBJC_ISA_USAGE = YES_ERROR;
				CLANG_WARN_DOCUMENTATION_COMMENTS = YES;
				CLANG_WARN_EMPTY_BODY = YES;
				CLANG_WARN_ENUM_CONVERSION = YES;
				CLANG_WARN_INFINITE_RECURSION = YES;
				CLANG_WARN_INT_CONVERSION = YES;
				CLANG_WARN_OBJC_ROOT_CLASS = YES_ERROR;
				CLANG_WARN_SUSPICIOUS_MOVE = YES;
				CLANG_WARN_UNREACHABLE_CODE = YES;
				CLANG_WARN__DUPLICATE_METHOD_MATCH = YES;
				"CODE_SIGN_IDENTITY[sdk=iphoneos*]" = "iPhone Developer";
				COPY_PHASE_STRIP = NO;
				DEBUG_INFORMATION_FORMAT = "dwarf-with-dsym";
				ENABLE_NS_ASSERTIONS = NO;
				ENABLE_STRICT_OBJC_MSGSEND = YES;
				GCC_C_LANGUAGE_STANDARD = gnu99;
				GCC_NO_COMMON_BLOCKS = YES;
				GCC_WARN_64_TO_32_BIT_CONVERSION = YES;
				GCC_WARN_ABOUT_RETURN_TYPE = YES_ERROR;
				GCC_WARN_UNDECLARED_SELECTOR = YES;
				GCC_WARN_UNINITIALIZED_AUTOS = YES_AGGRESSIVE;
				GCC_WARN_UNUSED_FUNCTION = YES;
				GCC_WARN_UNUSED_VARIABLE = YES;
				IPHONEOS_DEPLOYMENT_TARGET = 10.3;
				MTL_ENABLE_DEBUG_INFO = NO;
				SDKROOT = iphoneos;
				SWIFT_OPTIMIZATION_LEVEL = "-Owholemodule";
				VALIDATE_PRODUCT = YES;
			};
			name = Release;
		};
		C9DF16801F07911F0058E070 /* Debug */ = {
			isa = XCBuildConfiguration;
			buildSettings = {
				ASSETCATALOG_COMPILER_APPICON_NAME = AppIcon;
				DEVELOPMENT_TEAM = 498MUQWSB4;
				INFOPLIST_FILE = WorldTrotter/Info.plist;
				LD_RUNPATH_SEARCH_PATHS = "$(inherited) @executable_path/Frameworks";
				PRODUCT_BUNDLE_IDENTIFIER = com.boostCamp.WorldTrotter;
				PRODUCT_NAME = "$(TARGET_NAME)";
				SWIFT_VERSION = 3.0;
			};
			name = Debug;
		};
		C9DF16811F07911F0058E070 /* Release */ = {
			isa = XCBuildConfiguration;
			buildSettings = {
				ASSETCATALOG_COMPILER_APPICON_NAME = AppIcon;
				DEVELOPMENT_TEAM = 498MUQWSB4;
				INFOPLIST_FILE = WorldTrotter/Info.plist;
				LD_RUNPATH_SEARCH_PATHS = "$(inherited) @executable_path/Frameworks";
				PRODUCT_BUNDLE_IDENTIFIER = com.boostCamp.WorldTrotter;
				PRODUCT_NAME = "$(TARGET_NAME)";
				SWIFT_VERSION = 3.0;
			};
			name = Release;
		};
/* End XCBuildConfiguration section */

/* Begin XCConfigurationList section */
		C9DF16681F07911F0058E070 /* Build configuration list for PBXProject "WorldTrotter" */ = {
			isa = XCConfigurationList;
			buildConfigurations = (
				C9DF167D1F07911F0058E070 /* Debug */,
				C9DF167E1F07911F0058E070 /* Release */,
			);
			defaultConfigurationIsVisible = 0;
			defaultConfigurationName = Release;
		};
		C9DF167F1F07911F0058E070 /* Build configuration list for PBXNativeTarget "WorldTrotter" */ = {
			isa = XCConfigurationList;
			buildConfigurations = (
				C9DF16801F07911F0058E070 /* Debug */,
				C9DF16811F07911F0058E070 /* Release */,
			);
			defaultConfigurationIsVisible = 0;
			defaultConfigurationName = Release;
		};
/* End XCConfigurationList section */
	};
	rootObject = C9DF16651F07911F0058E070 /* Project object */;
}
